
Microsoft Visual Studio Solution File, Format Version 12.00
# Visual Studio 15
VisualStudioVersion = 15.0.28010.2036
MinimumVisualStudioVersion = 10.0.40219.1
Project("{FAE04EC0-301F-11D3-BF4B-00C04F79EFBC}") = "lifeSim Basic", "lifeSim Basic\lifeSim Basic.csproj", "{73E83BA2-0EB9-4F36-95AD-9F84850D544D}"
EndProject
Global
	GlobalSection(SolutionConfigurationPlatforms) = preSolution
		Debug|Any CPU = Debug|Any CPU
		Release|Any CPU = Release|Any CPU
	EndGlobalSection
	GlobalSection(ProjectConfigurationPlatforms) = postSolution
		{73E83BA2-0EB9-4F36-95AD-9F84850D544D}.Debug|Any CPU.ActiveCfg = Debug|Any CPU
		{73E83BA2-0EB9-4F36-95AD-9F84850D544D}.Debug|Any CPU.Build.0 = Debug|Any CPU
		{73E83BA2-0EB9-4F36-95AD-9F84850D544D}.Release|Any CPU.ActiveCfg = Release|Any CPU
		{73E83BA2-0EB9-4F36-95AD-9F84850D544D}.Release|Any CPU.Build.0 = Release|Any CPU
	EndGlobalSection
	GlobalSection(SolutionProperties) = preSolution
		HideSolutionNode = FALSE
	EndGlobalSection
	GlobalSection(ExtensibilityGlobals) = postSolution
		SolutionGuid = {6B6E4F51-5FCF-4179-86A7-D2F6877F2082}
	EndGlobalSection
EndGlobal
